
Microsoft Visual Studio Solution File, Format Version 12.00
# Visual Studio Version 17
VisualStudioVersion = 17.0.31903.59
MinimumVisualStudioVersion = 10.0.40219.1
Project("{2150E333-8FDC-42A3-9474-1A3956D46DE8}") = "Services", "Services", "{BA34BB5E-F14B-41C8-814A-7FF061DBBF09}"
EndProject
Project("{2150E333-8FDC-42A3-9474-1A3956D46DE8}") = "Catalogue", "Catalogue", "{8688EC57-0F6B-4576-969C-B2158FE3EF60}"
EndProject
Project("{9A19103F-16F7-4668-BE54-9A1E7A4F7556}") = "Catalogue.API", "Services\Catalogue\Catalogue.API\Catalogue.API.csproj", "{A45E4CD1-602B-4443-96E7-9CCD2D2FC77C}"
EndProject
Project("{E53339B2-1760-4266-BCC7-CA923CBCF16C}") = "docker-compose", "docker-compose.dcproj", "{B0809AA1-EF77-4E2B-8282-1C0E73B46AF1}"
EndProject
Project("{2150E333-8FDC-42A3-9474-1A3956D46DE8}") = "Basket", "Basket", "{1484791F-A554-43D5-981A-EA39D6D52899}"
EndProject
Project("{9A19103F-16F7-4668-BE54-9A1E7A4F7556}") = "Basket.API", "Services\Basket\Basket.API\Basket.API.csproj", "{66AFFF7D-18DA-459E-9E0B-24A2DECB94EC}"
EndProject
Project("{2150E333-8FDC-42A3-9474-1A3956D46DE8}") = "Discount", "Discount", "{AAF91D74-84C0-44F5-995E-7B8104AAE25D}"
EndProject
Project("{FAE04EC0-301F-11D3-BF4B-00C04F79EFBC}") = "Discount.API", "Services\Discount\Discount.API\Discount.API.csproj", "{24DDE99D-C269-4228-9CA9-8DB20F16D242}"
EndProject
Global
	GlobalSection(SolutionConfigurationPlatforms) = preSolution
		Debug|Any CPU = Debug|Any CPU
		Release|Any CPU = Release|Any CPU
	EndGlobalSection
	GlobalSection(ProjectConfigurationPlatforms) = postSolution
		{A45E4CD1-602B-4443-96E7-9CCD2D2FC77C}.Debug|Any CPU.ActiveCfg = Debug|Any CPU
		{A45E4CD1-602B-4443-96E7-9CCD2D2FC77C}.Debug|Any CPU.Build.0 = Debug|Any CPU
		{A45E4CD1-602B-4443-96E7-9CCD2D2FC77C}.Release|Any CPU.ActiveCfg = Release|Any CPU
		{A45E4CD1-602B-4443-96E7-9CCD2D2FC77C}.Release|Any CPU.Build.0 = Release|Any CPU
		{B0809AA1-EF77-4E2B-8282-1C0E73B46AF1}.Debug|Any CPU.ActiveCfg = Debug|Any CPU
		{B0809AA1-EF77-4E2B-8282-1C0E73B46AF1}.Debug|Any CPU.Build.0 = Debug|Any CPU
		{B0809AA1-EF77-4E2B-8282-1C0E73B46AF1}.Release|Any CPU.ActiveCfg = Release|Any CPU
		{B0809AA1-EF77-4E2B-8282-1C0E73B46AF1}.Release|Any CPU.Build.0 = Release|Any CPU
		{66AFFF7D-18DA-459E-9E0B-24A2DECB94EC}.Debug|Any CPU.ActiveCfg = Debug|Any CPU
		{66AFFF7D-18DA-459E-9E0B-24A2DECB94EC}.Debug|Any CPU.Build.0 = Debug|Any CPU
		{66AFFF7D-18DA-459E-9E0B-24A2DECB94EC}.Release|Any CPU.ActiveCfg = Release|Any CPU
		{66AFFF7D-18DA-459E-9E0B-24A2DECB94EC}.Release|Any CPU.Build.0 = Release|Any CPU
		{24DDE99D-C269-4228-9CA9-8DB20F16D242}.Debug|Any CPU.ActiveCfg = Debug|Any CPU
		{24DDE99D-C269-4228-9CA9-8DB20F16D242}.Debug|Any CPU.Build.0 = Debug|Any CPU
		{24DDE99D-C269-4228-9CA9-8DB20F16D242}.Release|Any CPU.ActiveCfg = Release|Any CPU
		{24DDE99D-C269-4228-9CA9-8DB20F16D242}.Release|Any CPU.Build.0 = Release|Any CPU
	EndGlobalSection
	GlobalSection(SolutionProperties) = preSolution
		HideSolutionNode = FALSE
	EndGlobalSection
	GlobalSection(NestedProjects) = preSolution
		{8688EC57-0F6B-4576-969C-B2158FE3EF60} = {BA34BB5E-F14B-41C8-814A-7FF061DBBF09}
		{A45E4CD1-602B-4443-96E7-9CCD2D2FC77C} = {8688EC57-0F6B-4576-969C-B2158FE3EF60}
		{1484791F-A554-43D5-981A-EA39D6D52899} = {BA34BB5E-F14B-41C8-814A-7FF061DBBF09}
		{66AFFF7D-18DA-459E-9E0B-24A2DECB94EC} = {1484791F-A554-43D5-981A-EA39D6D52899}
		{AAF91D74-84C0-44F5-995E-7B8104AAE25D} = {BA34BB5E-F14B-41C8-814A-7FF061DBBF09}
		{24DDE99D-C269-4228-9CA9-8DB20F16D242} = {AAF91D74-84C0-44F5-995E-7B8104AAE25D}
	EndGlobalSection
	GlobalSection(ExtensibilityGlobals) = postSolution
		SolutionGuid = {4C54122E-5984-4B5E-AFD4-44549C43453E}
	EndGlobalSection
EndGlobal
